
Microsoft Visual Studio Solution File, Format Version 12.00
Project("{FAE04EC0-301F-11D3-BF4B-00C04F79EFBC}") = "eisenhower", "eisenhower\eisenhower.csproj", "{534AF986-8A23-4ACA-996B-3B2EF5A44616}"
EndProject
Global
	GlobalSection(SolutionConfigurationPlatforms) = preSolution
		Debug|Any CPU = Debug|Any CPU
		Release|Any CPU = Release|Any CPU
	EndGlobalSection
	GlobalSection(ProjectConfigurationPlatforms) = postSolution
		{534AF986-8A23-4ACA-996B-3B2EF5A44616}.Debug|Any CPU.ActiveCfg = Debug|Any CPU
		{534AF986-8A23-4ACA-996B-3B2EF5A44616}.Debug|Any CPU.Build.0 = Debug|Any CPU
		{534AF986-8A23-4ACA-996B-3B2EF5A44616}.Release|Any CPU.ActiveCfg = Release|Any CPU
		{534AF986-8A23-4ACA-996B-3B2EF5A44616}.Release|Any CPU.Build.0 = Release|Any CPU
	EndGlobalSection
EndGlobal
